
Microsoft Visual Studio Solution File, Format Version 12.00
# Visual Studio 15
VisualStudioVersion = 15.0.28010.2003
MinimumVisualStudioVersion = 10.0.40219.1
Project("{FAE04EC0-301F-11D3-BF4B-00C04F79EFBC}") = "InventarioApi", "InventarioApi\InventarioApi.csproj", "{E0CE367B-36CE-42B0-B213-2F54CBDEB5F1}"
EndProject
Global
	GlobalSection(SolutionConfigurationPlatforms) = preSolution
		Debug|Any CPU = Debug|Any CPU
		Release|Any CPU = Release|Any CPU
	EndGlobalSection
	GlobalSection(ProjectConfigurationPlatforms) = postSolution
		{E0CE367B-36CE-42B0-B213-2F54CBDEB5F1}.Debug|Any CPU.ActiveCfg = Debug|Any CPU
		{E0CE367B-36CE-42B0-B213-2F54CBDEB5F1}.Debug|Any CPU.Build.0 = Debug|Any CPU
		{E0CE367B-36CE-42B0-B213-2F54CBDEB5F1}.Release|Any CPU.ActiveCfg = Release|Any CPU
		{E0CE367B-36CE-42B0-B213-2F54CBDEB5F1}.Release|Any CPU.Build.0 = Release|Any CPU
	EndGlobalSection
	GlobalSection(SolutionProperties) = preSolution
		HideSolutionNode = FALSE
	EndGlobalSection
	GlobalSection(ExtensibilityGlobals) = postSolution
		SolutionGuid = {F32190D2-C1F2-4853-8BDD-785F0D9D3EEB}
	EndGlobalSection
EndGlobal
